
Microsoft Visual Studio Solution File, Format Version 12.00
# Visual Studio 15
VisualStudioVersion = 15.0.26730.16
MinimumVisualStudioVersion = 10.0.40219.1
Project("{FAE04EC0-301F-11D3-BF4B-00C04F79EFBC}") = "Challenge Days between Time", "Challenge Days between Time\Challenge Days between Time.csproj", "{5C216CF9-23BF-4A34-9619-330699578D08}"
EndProject
Global
	GlobalSection(SolutionConfigurationPlatforms) = preSolution
		Debug|Any CPU = Debug|Any CPU
		Release|Any CPU = Release|Any CPU
	EndGlobalSection
	GlobalSection(ProjectConfigurationPlatforms) = postSolution
		{5C216CF9-23BF-4A34-9619-330699578D08}.Debug|Any CPU.ActiveCfg = Debug|Any CPU
		{5C216CF9-23BF-4A34-9619-330699578D08}.Debug|Any CPU.Build.0 = Debug|Any CPU
		{5C216CF9-23BF-4A34-9619-330699578D08}.Release|Any CPU.ActiveCfg = Release|Any CPU
		{5C216CF9-23BF-4A34-9619-330699578D08}.Release|Any CPU.Build.0 = Release|Any CPU
	EndGlobalSection
	GlobalSection(SolutionProperties) = preSolution
		HideSolutionNode = FALSE
	EndGlobalSection
	GlobalSection(ExtensibilityGlobals) = postSolution
		SolutionGuid = {AA9DF16C-142C-4CD9-A588-02A2E1CD0B07}
	EndGlobalSection
EndGlobal
