
Microsoft Visual Studio Solution File, Format Version 12.00
# Visual Studio 15
VisualStudioVersion = 15.0.27130.2003
MinimumVisualStudioVersion = 10.0.40219.1
Project("{FAE04EC0-301F-11D3-BF4B-00C04F79EFBC}") = "ChallengePhunWithStrings", "ChallengePhunWithStrings\ChallengePhunWithStrings.csproj", "{C48368AD-2321-4317-8367-B8999C685F2C}"
EndProject
Global
	GlobalSection(SolutionConfigurationPlatforms) = preSolution
		Debug|Any CPU = Debug|Any CPU
		Release|Any CPU = Release|Any CPU
	EndGlobalSection
	GlobalSection(ProjectConfigurationPlatforms) = postSolution
		{C48368AD-2321-4317-8367-B8999C685F2C}.Debug|Any CPU.ActiveCfg = Debug|Any CPU
		{C48368AD-2321-4317-8367-B8999C685F2C}.Debug|Any CPU.Build.0 = Debug|Any CPU
		{C48368AD-2321-4317-8367-B8999C685F2C}.Release|Any CPU.ActiveCfg = Release|Any CPU
		{C48368AD-2321-4317-8367-B8999C685F2C}.Release|Any CPU.Build.0 = Release|Any CPU
	EndGlobalSection
	GlobalSection(SolutionProperties) = preSolution
		HideSolutionNode = FALSE
	EndGlobalSection
	GlobalSection(ExtensibilityGlobals) = postSolution
		SolutionGuid = {186B939C-B239-4BE0-8980-E988BD6E373C}
	EndGlobalSection
EndGlobal
